Microsoft Visual Studio Solution File, Format Version 12.00
# Visual Studio Version 17
VisualStudioVersion = 17.5.2.0
MinimumVisualStudioVersion = 10.0.40219.1
Project("{FAE04EC0-301F-11D3-BF4B-00C04F79EFBC}") = "agents", "agents\agents.csproj", "{750BBDC2-0787-E4F7-AA1A-EA84D7EAD4BE}"
EndProject
Project("{2150E333-8FDC-42A3-9474-1A3956D46DE8}") = "api", "api", "{D82C56D6-B2CD-F611-9E31-04638F7EC30E}"
EndProject
Project("{2150E333-8FDC-42A3-9474-1A3956D46DE8}") = "agents (1)", "agents (1)", "{213E9C5C-7BF5-5268-0886-42E7B87AE65F}"
EndProject
Project("{2150E333-8FDC-42A3-9474-1A3956D46DE8}") = "shared", "shared", "{4F52FD11-658E-A102-6CD3-7D7C16FFA15B}"
EndProject
Project("{FAE04EC0-301F-11D3-BF4B-00C04F79EFBC}") = "HqAgentApi", "api\HqAgentApi.csproj", "{B44894B5-C4DF-1A61-B6BF-E25CC5322A9A}"
EndProject
Project("{FAE04EC0-301F-11D3-BF4B-00C04F79EFBC}") = "agents.Tests", "agents\agents.Tests\agents.Tests.csproj", "{D0F2E83B-F211-3D96-09EE-9F0CCF01B1D2}"
EndProject
Project("{FAE04EC0-301F-11D3-BF4B-00C04F79EFBC}") = "HqAgent.Shared.Tests", "shared\HqAgent.Shared.Tests\HqAgent.Shared.Tests.csproj", "{83310242-C9E8-0717-4201-B2F776B72376}"
EndProject
Project("{FAE04EC0-301F-11D3-BF4B-00C04F79EFBC}") = "HqAgent.Shared", "shared\HqAgent.Shared\HqAgent.Shared.csproj", "{1AC965CB-E1E2-70A7-2A38-C2AD2F9C383F}"
EndProject
Global
	GlobalSection(SolutionConfigurationPlatforms) = preSolution
		Debug|Any CPU = Debug|Any CPU
		Release|Any CPU = Release|Any CPU
	EndGlobalSection
	GlobalSection(ProjectConfigurationPlatforms) = postSolution
		{750BBDC2-0787-E4F7-AA1A-EA84D7EAD4BE}.Debug|Any CPU.ActiveCfg = Debug|Any CPU
		{750BBDC2-0787-E4F7-AA1A-EA84D7EAD4BE}.Debug|Any CPU.Build.0 = Debug|Any CPU
		{750BBDC2-0787-E4F7-AA1A-EA84D7EAD4BE}.Release|Any CPU.ActiveCfg = Release|Any CPU
		{750BBDC2-0787-E4F7-AA1A-EA84D7EAD4BE}.Release|Any CPU.Build.0 = Release|Any CPU
		{B44894B5-C4DF-1A61-B6BF-E25CC5322A9A}.Debug|Any CPU.ActiveCfg = Debug|Any CPU
		{B44894B5-C4DF-1A61-B6BF-E25CC5322A9A}.Debug|Any CPU.Build.0 = Debug|Any CPU
		{B44894B5-C4DF-1A61-B6BF-E25CC5322A9A}.Release|Any CPU.ActiveCfg = Release|Any CPU
		{B44894B5-C4DF-1A61-B6BF-E25CC5322A9A}.Release|Any CPU.Build.0 = Release|Any CPU
		{D0F2E83B-F211-3D96-09EE-9F0CCF01B1D2}.Debug|Any CPU.ActiveCfg = Debug|Any CPU
		{D0F2E83B-F211-3D96-09EE-9F0CCF01B1D2}.Debug|Any CPU.Build.0 = Debug|Any CPU
		{D0F2E83B-F211-3D96-09EE-9F0CCF01B1D2}.Release|Any CPU.ActiveCfg = Release|Any CPU
		{D0F2E83B-F211-3D96-09EE-9F0CCF01B1D2}.Release|Any CPU.Build.0 = Release|Any CPU
		{83310242-C9E8-0717-4201-B2F776B72376}.Debug|Any CPU.ActiveCfg = Debug|Any CPU
		{83310242-C9E8-0717-4201-B2F776B72376}.Debug|Any CPU.Build.0 = Debug|Any CPU
		{83310242-C9E8-0717-4201-B2F776B72376}.Release|Any CPU.ActiveCfg = Release|Any CPU
		{83310242-C9E8-0717-4201-B2F776B72376}.Release|Any CPU.Build.0 = Release|Any CPU
		{1AC965CB-E1E2-70A7-2A38-C2AD2F9C383F}.Debug|Any CPU.ActiveCfg = Debug|Any CPU
		{1AC965CB-E1E2-70A7-2A38-C2AD2F9C383F}.Debug|Any CPU.Build.0 = Debug|Any CPU
		{1AC965CB-E1E2-70A7-2A38-C2AD2F9C383F}.Release|Any CPU.ActiveCfg = Release|Any CPU
		{1AC965CB-E1E2-70A7-2A38-C2AD2F9C383F}.Release|Any CPU.Build.0 = Release|Any CPU
	EndGlobalSection
	GlobalSection(SolutionProperties) = preSolution
		HideSolutionNode = FALSE
	EndGlobalSection
	GlobalSection(NestedProjects) = preSolution
		{B44894B5-C4DF-1A61-B6BF-E25CC5322A9A} = {D82C56D6-B2CD-F611-9E31-04638F7EC30E}
		{D0F2E83B-F211-3D96-09EE-9F0CCF01B1D2} = {213E9C5C-7BF5-5268-0886-42E7B87AE65F}
		{83310242-C9E8-0717-4201-B2F776B72376} = {4F52FD11-658E-A102-6CD3-7D7C16FFA15B}
		{1AC965CB-E1E2-70A7-2A38-C2AD2F9C383F} = {4F52FD11-658E-A102-6CD3-7D7C16FFA15B}
	EndGlobalSection
	GlobalSection(ExtensibilityGlobals) = postSolution
		SolutionGuid = {51322650-E3FE-4C08-8621-1CCB8340B9AA}
	EndGlobalSection
EndGlobal
